
Microsoft Visual Studio Solution File, Format Version 12.00
# Visual Studio 15
VisualStudioVersion = 15.0.26228.4
MinimumVisualStudioVersion = 10.0.40219.1
Project("{FAE04EC0-301F-11D3-BF4B-00C04F79EFBC}") = "AppCamera.Entities", "AppCamera.Entities\AppCamera.Entities.csproj", "{5AB9AC42-9CEF-495D-A11F-F04B0D5601EE}"
EndProject
Project("{FAE04EC0-301F-11D3-BF4B-00C04F79EFBC}") = "AppCamera.Business", "AppCamera.Business\AppCamera.Business.csproj", "{C715460A-A0C3-43E3-86EF-EF6346B04FBB}"
EndProject
Project("{FAE04EC0-301F-11D3-BF4B-00C04F79EFBC}") = "AppCamera.Data", "AppCamera.Data\AppCamera.Data.csproj", "{B32123E8-BED3-404C-B5F4-52A9E2832986}"
EndProject
Project("{FAE04EC0-301F-11D3-BF4B-00C04F79EFBC}") = "AppCamera.Web", "AppCamera.Web\AppCamera.Web.csproj", "{EFAA1B8D-447C-4C76-805A-46BE2F8C1C9C}"
EndProject
Global
	GlobalSection(SolutionConfigurationPlatforms) = preSolution
		Debug|Any CPU = Debug|Any CPU
		Release|Any CPU = Release|Any CPU
	EndGlobalSection
	GlobalSection(ProjectConfigurationPlatforms) = postSolution
		{5AB9AC42-9CEF-495D-A11F-F04B0D5601EE}.Debug|Any CPU.ActiveCfg = Debug|Any CPU
		{5AB9AC42-9CEF-495D-A11F-F04B0D5601EE}.Debug|Any CPU.Build.0 = Debug|Any CPU
		{5AB9AC42-9CEF-495D-A11F-F04B0D5601EE}.Release|Any CPU.ActiveCfg = Release|Any CPU
		{5AB9AC42-9CEF-495D-A11F-F04B0D5601EE}.Release|Any CPU.Build.0 = Release|Any CPU
		{C715460A-A0C3-43E3-86EF-EF6346B04FBB}.Debug|Any CPU.ActiveCfg = Debug|Any CPU
		{C715460A-A0C3-43E3-86EF-EF6346B04FBB}.Debug|Any CPU.Build.0 = Debug|Any CPU
		{C715460A-A0C3-43E3-86EF-EF6346B04FBB}.Release|Any CPU.ActiveCfg = Release|Any CPU
		{C715460A-A0C3-43E3-86EF-EF6346B04FBB}.Release|Any CPU.Build.0 = Release|Any CPU
		{B32123E8-BED3-404C-B5F4-52A9E2832986}.Debug|Any CPU.ActiveCfg = Debug|Any CPU
		{B32123E8-BED3-404C-B5F4-52A9E2832986}.Debug|Any CPU.Build.0 = Debug|Any CPU
		{B32123E8-BED3-404C-B5F4-52A9E2832986}.Release|Any CPU.ActiveCfg = Release|Any CPU
		{B32123E8-BED3-404C-B5F4-52A9E2832986}.Release|Any CPU.Build.0 = Release|Any CPU
		{EFAA1B8D-447C-4C76-805A-46BE2F8C1C9C}.Debug|Any CPU.ActiveCfg = Debug|Any CPU
		{EFAA1B8D-447C-4C76-805A-46BE2F8C1C9C}.Debug|Any CPU.Build.0 = Debug|Any CPU
		{EFAA1B8D-447C-4C76-805A-46BE2F8C1C9C}.Release|Any CPU.ActiveCfg = Release|Any CPU
		{EFAA1B8D-447C-4C76-805A-46BE2F8C1C9C}.Release|Any CPU.Build.0 = Release|Any CPU
	EndGlobalSection
	GlobalSection(SolutionProperties) = preSolution
		HideSolutionNode = FALSE
	EndGlobalSection
EndGlobal
